
Microsoft Visual Studio Solution File, Format Version 12.00
# Visual Studio Version 17
VisualStudioVersion = 17.3.32929.385
MinimumVisualStudioVersion = 10.0.40219.1
Project("{9A19103F-16F7-4668-BE54-9A1E7A4F7556}") = "tabmnozenia", "tabmnozenia\tabmnozenia.csproj", "{0719064D-CD5C-4A52-9E74-A38409F2D1F6}"
EndProject
Project("{9A19103F-16F7-4668-BE54-9A1E7A4F7556}") = "Lab1", "Lab1\Lab1.csproj", "{06C0DE54-B940-4798-A8DD-710804500B91}"
EndProject
Project("{9A19103F-16F7-4668-BE54-9A1E7A4F7556}") = "Lab2", "Lab2\Lab2.csproj", "{90F4B688-4E2D-4A2B-979F-8B9A2C84C582}"
EndProject
Project("{9A19103F-16F7-4668-BE54-9A1E7A4F7556}") = "Lab3", "Lab3\Lab3.csproj", "{6BD783A9-0AC1-42CA-AB15-F02A49CDB79B}"
EndProject
Project("{FAE04EC0-301F-11D3-BF4B-00C04F79EFBC}") = "zadania4", "zadania4\zadania4.csproj", "{A64CB054-E3C1-439C-B031-EDFFD9A35194}"
EndProject
Global
	GlobalSection(SolutionConfigurationPlatforms) = preSolution
		Debug|Any CPU = Debug|Any CPU
		Release|Any CPU = Release|Any CPU
	EndGlobalSection
	GlobalSection(ProjectConfigurationPlatforms) = postSolution
		{0719064D-CD5C-4A52-9E74-A38409F2D1F6}.Debug|Any CPU.ActiveCfg = Debug|Any CPU
		{0719064D-CD5C-4A52-9E74-A38409F2D1F6}.Debug|Any CPU.Build.0 = Debug|Any CPU
		{0719064D-CD5C-4A52-9E74-A38409F2D1F6}.Release|Any CPU.ActiveCfg = Release|Any CPU
		{0719064D-CD5C-4A52-9E74-A38409F2D1F6}.Release|Any CPU.Build.0 = Release|Any CPU
		{06C0DE54-B940-4798-A8DD-710804500B91}.Debug|Any CPU.ActiveCfg = Debug|Any CPU
		{06C0DE54-B940-4798-A8DD-710804500B91}.Debug|Any CPU.Build.0 = Debug|Any CPU
		{06C0DE54-B940-4798-A8DD-710804500B91}.Release|Any CPU.ActiveCfg = Release|Any CPU
		{06C0DE54-B940-4798-A8DD-710804500B91}.Release|Any CPU.Build.0 = Release|Any CPU
		{90F4B688-4E2D-4A2B-979F-8B9A2C84C582}.Debug|Any CPU.ActiveCfg = Debug|Any CPU
		{90F4B688-4E2D-4A2B-979F-8B9A2C84C582}.Debug|Any CPU.Build.0 = Debug|Any CPU
		{90F4B688-4E2D-4A2B-979F-8B9A2C84C582}.Release|Any CPU.ActiveCfg = Release|Any CPU
		{90F4B688-4E2D-4A2B-979F-8B9A2C84C582}.Release|Any CPU.Build.0 = Release|Any CPU
		{6BD783A9-0AC1-42CA-AB15-F02A49CDB79B}.Debug|Any CPU.ActiveCfg = Debug|Any CPU
		{6BD783A9-0AC1-42CA-AB15-F02A49CDB79B}.Debug|Any CPU.Build.0 = Debug|Any CPU
		{6BD783A9-0AC1-42CA-AB15-F02A49CDB79B}.Release|Any CPU.ActiveCfg = Release|Any CPU
		{6BD783A9-0AC1-42CA-AB15-F02A49CDB79B}.Release|Any CPU.Build.0 = Release|Any CPU
		{A64CB054-E3C1-439C-B031-EDFFD9A35194}.Debug|Any CPU.ActiveCfg = Debug|Any CPU
		{A64CB054-E3C1-439C-B031-EDFFD9A35194}.Debug|Any CPU.Build.0 = Debug|Any CPU
		{A64CB054-E3C1-439C-B031-EDFFD9A35194}.Release|Any CPU.ActiveCfg = Release|Any CPU
		{A64CB054-E3C1-439C-B031-EDFFD9A35194}.Release|Any CPU.Build.0 = Release|Any CPU
	EndGlobalSection
	GlobalSection(SolutionProperties) = preSolution
		HideSolutionNode = FALSE
	EndGlobalSection
	GlobalSection(ExtensibilityGlobals) = postSolution
		SolutionGuid = {707BD807-1E08-447A-926C-9C88267E44F1}
	EndGlobalSection
EndGlobal
